
Microsoft Visual Studio Solution File, Format Version 12.00
# Visual Studio Version 16
VisualStudioVersion = 16.0.31105.61
MinimumVisualStudioVersion = 10.0.40219.1
Project("{FAE04EC0-301F-11D3-BF4B-00C04F79EFBC}") = "Network.Prog_Дз_3_User", "Network.Prog_Дз_3_User\Network.Prog_Дз_3_User.csproj", "{9C1266A6-9C4E-4D4B-B131-4FE2B49E2842}"
EndProject
Project("{FAE04EC0-301F-11D3-BF4B-00C04F79EFBC}") = "Network.Prog_Дз_3_Server", "Network.Prog_Дз_3_Server\Network.Prog_Дз_3_Server.csproj", "{36C852AB-B486-4C98-9F4B-85BA102AA244}"
EndProject
Global
	GlobalSection(SolutionConfigurationPlatforms) = preSolution
		Debug|Any CPU = Debug|Any CPU
		Release|Any CPU = Release|Any CPU
	EndGlobalSection
	GlobalSection(ProjectConfigurationPlatforms) = postSolution
		{9C1266A6-9C4E-4D4B-B131-4FE2B49E2842}.Debug|Any CPU.ActiveCfg = Debug|Any CPU
		{9C1266A6-9C4E-4D4B-B131-4FE2B49E2842}.Debug|Any CPU.Build.0 = Debug|Any CPU
		{9C1266A6-9C4E-4D4B-B131-4FE2B49E2842}.Release|Any CPU.ActiveCfg = Release|Any CPU
		{9C1266A6-9C4E-4D4B-B131-4FE2B49E2842}.Release|Any CPU.Build.0 = Release|Any CPU
		{36C852AB-B486-4C98-9F4B-85BA102AA244}.Debug|Any CPU.ActiveCfg = Debug|Any CPU
		{36C852AB-B486-4C98-9F4B-85BA102AA244}.Debug|Any CPU.Build.0 = Debug|Any CPU
		{36C852AB-B486-4C98-9F4B-85BA102AA244}.Release|Any CPU.ActiveCfg = Release|Any CPU
		{36C852AB-B486-4C98-9F4B-85BA102AA244}.Release|Any CPU.Build.0 = Release|Any CPU
	EndGlobalSection
	GlobalSection(SolutionProperties) = preSolution
		HideSolutionNode = FALSE
	EndGlobalSection
	GlobalSection(ExtensibilityGlobals) = postSolution
		SolutionGuid = {60B3505E-2004-4626-A88B-E21D570729B1}
	EndGlobalSection
EndGlobal
